<Solution>
  <Folder Name="/Solution Items/">
    <File Path="docker-compose.yml" />
  </Folder>
  <Project Path="Documents.API/Documents.API.csproj" />
  <Project Path="Documents.BLL/Documents.BLL.csproj" />
  <Project Path="Documents.DAL/Documents.DAL.csproj" />
  <Project Path="DocumentsApi.IntegrationTests/DocumentsApi.IntegrationTests.csproj" Id="4c32c1a8-ae9f-4dec-bb49-6db4e1a9f74e" />
</Solution>
