
Microsoft Visual Studio Solution File, Format Version 12.00
# Visual Studio Version 18
VisualStudioVersion = 18.1.11312.151 d18.0
MinimumVisualStudioVersion = 10.0.40219.1
Project("{FAE04EC0-301F-11D3-BF4B-00C04F79EFBC}") = "Authorization.API", "Authorization.API\Authorization.API.csproj", "{EB5F2939-5199-4B9C-87C3-8E2779EA8508}"
	ProjectSection(ProjectDependencies) = postProject
		{432F4181-7B93-4E13-80B8-68CC9FEEE106} = {432F4181-7B93-4E13-80B8-68CC9FEEE106}
	EndProjectSection
EndProject
Project("{FAE04EC0-301F-11D3-BF4B-00C04F79EFBC}") = "Authorization.BLL", "Authorization.BLL\Authorization.BLL.csproj", "{432F4181-7B93-4E13-80B8-68CC9FEEE106}"
EndProject
Project("{FAE04EC0-301F-11D3-BF4B-00C04F79EFBC}") = "Authorization.DAL", "Authorization.DAL\Authorization.DAL.csproj", "{7B813927-7E0E-4C6F-AB57-F1AFDF34CED4}"
EndProject
Project("{2150E333-8FDC-42A3-9474-1A3956D46DE8}") = "OfficesApi", "OfficesApi", "{02EA681E-C7D8-13C7-8484-4AC65E1B71E8}"
EndProject
Project("{FAE04EC0-301F-11D3-BF4B-00C04F79EFBC}") = "Offices.API", "Offices.API\Offices.API.csproj", "{CCEE9372-B229-4C6F-8B1A-815AF82574E2}"
	ProjectSection(ProjectDependencies) = postProject
		{5D6D306B-D5F0-4566-9900-CFD820BADE0B} = {5D6D306B-D5F0-4566-9900-CFD820BADE0B}
	EndProjectSection
EndProject
Project("{FAE04EC0-301F-11D3-BF4B-00C04F79EFBC}") = "Offices.BLL", "Offices.BLL\Offices.BLL.csproj", "{5D6D306B-D5F0-4566-9900-CFD820BADE0B}"
EndProject
Project("{FAE04EC0-301F-11D3-BF4B-00C04F79EFBC}") = "Offices.DAL", "Offices.DAL\Offices.DAL.csproj", "{2710B8B8-06D6-4D32-81FB-CC28060B370F}"
EndProject
Project("{FAE04EC0-301F-11D3-BF4B-00C04F79EFBC}") = "Profiles.API", "Profiles.API\Profiles.API.csproj", "{3D6726EE-0CC6-1D8B-A795-6E9960982570}"
EndProject
Project("{FAE04EC0-301F-11D3-BF4B-00C04F79EFBC}") = "Profiles.BLL", "Profiles.BLL\Profiles.BLL.csproj", "{64B0EEB9-6147-43F5-59BE-04399B9DDFB1}"
EndProject
Project("{FAE04EC0-301F-11D3-BF4B-00C04F79EFBC}") = "Profiles.DAL", "Profiles.DAL\Profiles.DAL.csproj", "{D172537F-6E21-E0F8-03ED-A6412A8E7B85}"
EndProject
Project("{2150E333-8FDC-42A3-9474-1A3956D46DE8}") = "ProfilesApi", "ProfilesApi", "{66D6ABCD-33B3-4D46-9E1D-62FA4B2ED062}"
EndProject
Project("{2150E333-8FDC-42A3-9474-1A3956D46DE8}") = "ServicesAPI", "ServicesAPI", "{1A1E865C-06E3-4953-B460-CB611C3BBFD5}"
EndProject
Project("{FAE04EC0-301F-11D3-BF4B-00C04F79EFBC}") = "Services.Api", "ServicesAPI\Services.Api.csproj", "{F1E9F092-01E1-2627-C136-B3B839DDCC44}"
EndProject
Project("{FAE04EC0-301F-11D3-BF4B-00C04F79EFBC}") = "Services.BLL", "Services.BLL\Services.BLL.csproj", "{2EC7CD8D-985F-712E-BC4D-6625CCED0584}"
EndProject
Project("{FAE04EC0-301F-11D3-BF4B-00C04F79EFBC}") = "Services.DAL", "Services.DAL\Services.DAL.csproj", "{528F4A62-6433-C59D-8D33-056C60F6E8E9}"
Project("{FAE04EC0-301F-11D3-BF4B-00C04F79EFBC}") = "GatewayAPI", "GatewayAPI\GatewayAPI.csproj", "{703A4743-4E9F-451A-AEED-95EEADBAF884}"
EndProject
Global
	GlobalSection(SolutionConfigurationPlatforms) = preSolution
		Debug|Any CPU = Debug|Any CPU
		Release|Any CPU = Release|Any CPU
	EndGlobalSection
	GlobalSection(ProjectConfigurationPlatforms) = postSolution
		{EB5F2939-5199-4B9C-87C3-8E2779EA8508}.Debug|Any CPU.ActiveCfg = Debug|Any CPU
		{EB5F2939-5199-4B9C-87C3-8E2779EA8508}.Debug|Any CPU.Build.0 = Debug|Any CPU
		{EB5F2939-5199-4B9C-87C3-8E2779EA8508}.Release|Any CPU.ActiveCfg = Release|Any CPU
		{EB5F2939-5199-4B9C-87C3-8E2779EA8508}.Release|Any CPU.Build.0 = Release|Any CPU
		{432F4181-7B93-4E13-80B8-68CC9FEEE106}.Debug|Any CPU.ActiveCfg = Debug|Any CPU
		{432F4181-7B93-4E13-80B8-68CC9FEEE106}.Debug|Any CPU.Build.0 = Debug|Any CPU
		{432F4181-7B93-4E13-80B8-68CC9FEEE106}.Release|Any CPU.ActiveCfg = Release|Any CPU
		{432F4181-7B93-4E13-80B8-68CC9FEEE106}.Release|Any CPU.Build.0 = Release|Any CPU
		{7B813927-7E0E-4C6F-AB57-F1AFDF34CED4}.Debug|Any CPU.ActiveCfg = Debug|Any CPU
		{7B813927-7E0E-4C6F-AB57-F1AFDF34CED4}.Debug|Any CPU.Build.0 = Debug|Any CPU
		{7B813927-7E0E-4C6F-AB57-F1AFDF34CED4}.Release|Any CPU.ActiveCfg = Release|Any CPU
		{7B813927-7E0E-4C6F-AB57-F1AFDF34CED4}.Release|Any CPU.Build.0 = Release|Any CPU
		{CCEE9372-B229-4C6F-8B1A-815AF82574E2}.Debug|Any CPU.ActiveCfg = Debug|Any CPU
		{CCEE9372-B229-4C6F-8B1A-815AF82574E2}.Debug|Any CPU.Build.0 = Debug|Any CPU
		{CCEE9372-B229-4C6F-8B1A-815AF82574E2}.Release|Any CPU.ActiveCfg = Release|Any CPU
		{CCEE9372-B229-4C6F-8B1A-815AF82574E2}.Release|Any CPU.Build.0 = Release|Any CPU
		{5D6D306B-D5F0-4566-9900-CFD820BADE0B}.Debug|Any CPU.ActiveCfg = Debug|Any CPU
		{5D6D306B-D5F0-4566-9900-CFD820BADE0B}.Debug|Any CPU.Build.0 = Debug|Any CPU
		{5D6D306B-D5F0-4566-9900-CFD820BADE0B}.Release|Any CPU.ActiveCfg = Release|Any CPU
		{5D6D306B-D5F0-4566-9900-CFD820BADE0B}.Release|Any CPU.Build.0 = Release|Any CPU
		{2710B8B8-06D6-4D32-81FB-CC28060B370F}.Debug|Any CPU.ActiveCfg = Debug|Any CPU
		{2710B8B8-06D6-4D32-81FB-CC28060B370F}.Debug|Any CPU.Build.0 = Debug|Any CPU
		{2710B8B8-06D6-4D32-81FB-CC28060B370F}.Release|Any CPU.ActiveCfg = Release|Any CPU
		{2710B8B8-06D6-4D32-81FB-CC28060B370F}.Release|Any CPU.Build.0 = Release|Any CPU
		{3D6726EE-0CC6-1D8B-A795-6E9960982570}.Debug|Any CPU.ActiveCfg = Debug|Any CPU
		{3D6726EE-0CC6-1D8B-A795-6E9960982570}.Debug|Any CPU.Build.0 = Debug|Any CPU
		{3D6726EE-0CC6-1D8B-A795-6E9960982570}.Release|Any CPU.ActiveCfg = Release|Any CPU
		{3D6726EE-0CC6-1D8B-A795-6E9960982570}.Release|Any CPU.Build.0 = Release|Any CPU
		{64B0EEB9-6147-43F5-59BE-04399B9DDFB1}.Debug|Any CPU.ActiveCfg = Debug|Any CPU
		{64B0EEB9-6147-43F5-59BE-04399B9DDFB1}.Debug|Any CPU.Build.0 = Debug|Any CPU
		{64B0EEB9-6147-43F5-59BE-04399B9DDFB1}.Release|Any CPU.ActiveCfg = Release|Any CPU
		{64B0EEB9-6147-43F5-59BE-04399B9DDFB1}.Release|Any CPU.Build.0 = Release|Any CPU
		{D172537F-6E21-E0F8-03ED-A6412A8E7B85}.Debug|Any CPU.ActiveCfg = Debug|Any CPU
		{D172537F-6E21-E0F8-03ED-A6412A8E7B85}.Debug|Any CPU.Build.0 = Debug|Any CPU
		{D172537F-6E21-E0F8-03ED-A6412A8E7B85}.Release|Any CPU.ActiveCfg = Release|Any CPU
		{D172537F-6E21-E0F8-03ED-A6412A8E7B85}.Release|Any CPU.Build.0 = Release|Any CPU
		{F1E9F092-01E1-2627-C136-B3B839DDCC44}.Debug|Any CPU.ActiveCfg = Debug|Any CPU
		{F1E9F092-01E1-2627-C136-B3B839DDCC44}.Debug|Any CPU.Build.0 = Debug|Any CPU
		{F1E9F092-01E1-2627-C136-B3B839DDCC44}.Release|Any CPU.ActiveCfg = Release|Any CPU
		{F1E9F092-01E1-2627-C136-B3B839DDCC44}.Release|Any CPU.Build.0 = Release|Any CPU
		{2EC7CD8D-985F-712E-BC4D-6625CCED0584}.Debug|Any CPU.ActiveCfg = Debug|Any CPU
		{2EC7CD8D-985F-712E-BC4D-6625CCED0584}.Debug|Any CPU.Build.0 = Debug|Any CPU
		{2EC7CD8D-985F-712E-BC4D-6625CCED0584}.Release|Any CPU.ActiveCfg = Release|Any CPU
		{2EC7CD8D-985F-712E-BC4D-6625CCED0584}.Release|Any CPU.Build.0 = Release|Any CPU
		{528F4A62-6433-C59D-8D33-056C60F6E8E9}.Debug|Any CPU.ActiveCfg = Debug|Any CPU
		{528F4A62-6433-C59D-8D33-056C60F6E8E9}.Debug|Any CPU.Build.0 = Debug|Any CPU
		{528F4A62-6433-C59D-8D33-056C60F6E8E9}.Release|Any CPU.ActiveCfg = Release|Any CPU
		{528F4A62-6433-C59D-8D33-056C60F6E8E9}.Release|Any CPU.Build.0 = Release|Any CPU
		{703A4743-4E9F-451A-AEED-95EEADBAF884}.Debug|Any CPU.ActiveCfg = Debug|Any CPU
		{703A4743-4E9F-451A-AEED-95EEADBAF884}.Debug|Any CPU.Build.0 = Debug|Any CPU
		{703A4743-4E9F-451A-AEED-95EEADBAF884}.Release|Any CPU.ActiveCfg = Release|Any CPU
		{703A4743-4E9F-451A-AEED-95EEADBAF884}.Release|Any CPU.Build.0 = Release|Any CPU
	EndGlobalSection
	GlobalSection(SolutionProperties) = preSolution
		HideSolutionNode = FALSE
	EndGlobalSection
	GlobalSection(NestedProjects) = preSolution
		{CCEE9372-B229-4C6F-8B1A-815AF82574E2} = {02EA681E-C7D8-13C7-8484-4AC65E1B71E8}
		{5D6D306B-D5F0-4566-9900-CFD820BADE0B} = {02EA681E-C7D8-13C7-8484-4AC65E1B71E8}
		{2710B8B8-06D6-4D32-81FB-CC28060B370F} = {02EA681E-C7D8-13C7-8484-4AC65E1B71E8}
		{3D6726EE-0CC6-1D8B-A795-6E9960982570} = {66D6ABCD-33B3-4D46-9E1D-62FA4B2ED062}
		{64B0EEB9-6147-43F5-59BE-04399B9DDFB1} = {66D6ABCD-33B3-4D46-9E1D-62FA4B2ED062}
		{D172537F-6E21-E0F8-03ED-A6412A8E7B85} = {66D6ABCD-33B3-4D46-9E1D-62FA4B2ED062}
		{F1E9F092-01E1-2627-C136-B3B839DDCC44} = {1A1E865C-06E3-4953-B460-CB611C3BBFD5}
		{2EC7CD8D-985F-712E-BC4D-6625CCED0584} = {1A1E865C-06E3-4953-B460-CB611C3BBFD5}
		{528F4A62-6433-C59D-8D33-056C60F6E8E9} = {1A1E865C-06E3-4953-B460-CB611C3BBFD5}
	EndGlobalSection
	GlobalSection(ExtensibilityGlobals) = postSolution
		SolutionGuid = {F07D8D24-0775-47AA-A6AF-71C574667132}
	EndGlobalSection
EndGlobal
